
Microsoft Visual Studio Solution File, Format Version 12.00
# Visual Studio Version 16
VisualStudioVersion = 16.0.30011.22
MinimumVisualStudioVersion = 10.0.40219.1
Project("{2150E333-8FDC-42A3-9474-1A3956D46DE8}") = "Frameworks", "Frameworks", "{3FEF74B5-E2E5-4CDB-ABBB-5EC4FE38FBC0}"
EndProject
Project("{2150E333-8FDC-42A3-9474-1A3956D46DE8}") = "Presentation", "Presentation", "{3D390677-DC36-4F8B-98BE-A37671DA9F35}"
EndProject
Project("{2150E333-8FDC-42A3-9474-1A3956D46DE8}") = "Web", "Web", "{6D894F45-AE79-4471-973F-FEA7C2CF25C3}"
EndProject
Project("{2150E333-8FDC-42A3-9474-1A3956D46DE8}") = "Jobs", "Jobs", "{D4E02EAE-9B3A-45F1-8B09-D430D9B02177}"
EndProject
Project("{9A19103F-16F7-4668-BE54-9A1E7A4F7556}") = "SubcontractProfile.Web", "Presentation\Web\SubcontractProfile.Web\SubcontractProfile.Web.csproj", "{DD09371B-CD68-4582-BE43-8E53916F0C26}"
EndProject
Project("{2150E333-8FDC-42A3-9474-1A3956D46DE8}") = "API", "API", "{463FB080-6CE7-49D3-AB23-F80C2A45E0D0}"
EndProject
Project("{9A19103F-16F7-4668-BE54-9A1E7A4F7556}") = "SubcontractProfile.WebApi.API", "Frameworks\SubcontractProfile.WebApi\SubcontractProfile.WebApi.API\SubcontractProfile.WebApi.API.csproj", "{6F05611B-EA38-4CB8-B252-23C9E2C85D2D}"
EndProject
Project("{9A19103F-16F7-4668-BE54-9A1E7A4F7556}") = "SubcontractProfile.WebApi.API.Common", "Frameworks\SubcontractProfile.WebApi\SubcontractProfile.WebApi.API.Common\SubcontractProfile.WebApi.API.Common.csproj", "{EE5C2F21-CCFB-4582-AF9E-494A86B0321F}"
EndProject
Project("{9A19103F-16F7-4668-BE54-9A1E7A4F7556}") = "SubcontractProfile.WebApi.API.DataContracts", "Frameworks\SubcontractProfile.WebApi\SubcontractProfile.WebApi.API.DataContracts\SubcontractProfile.WebApi.API.DataContracts.csproj", "{9C75B370-55F7-4F51-856F-8552930357B3}"
EndProject
Project("{2150E333-8FDC-42A3-9474-1A3956D46DE8}") = "00.Tests", "00.Tests", "{2BF35FAE-4F5B-4512-A892-1BD9A40368BC}"
EndProject
Project("{9A19103F-16F7-4668-BE54-9A1E7A4F7556}") = "SubcontractProfile.WebApi.API.Tests.Controllers", "Frameworks\SubcontractProfile.WebApi\SubcontractProfile.WebApi.API.Tests.Controllers\SubcontractProfile.WebApi.API.Tests.Controllers.csproj", "{1B05F5BB-54C8-40D2-8E7A-CED9399C0D84}"
EndProject
Project("{9A19103F-16F7-4668-BE54-9A1E7A4F7556}") = "SubcontractProfile.WebApi.API.Tests.REST", "Frameworks\SubcontractProfile.WebApi\SubcontractProfile.WebApi.API.Tests.REST\SubcontractProfile.WebApi.API.Tests.REST.csproj", "{43439AA0-4707-49FA-97FA-AE93084DA37E}"
EndProject
Project("{2150E333-8FDC-42A3-9474-1A3956D46DE8}") = "01.Common", "01.Common", "{63E89C92-C2A4-4F08-A732-16992DC7EDA7}"
EndProject
Project("{9A19103F-16F7-4668-BE54-9A1E7A4F7556}") = "SubcontractProfile.WebApi.IoC.Configuration", "Frameworks\SubcontractProfile.WebApi\SubcontractProfile.WebApi.IoC.Configuration\SubcontractProfile.WebApi.IoC.Configuration.csproj", "{0E628C5A-1FBF-4609-8C53-21C9C65DACE5}"
EndProject
Project("{9A19103F-16F7-4668-BE54-9A1E7A4F7556}") = "SubcontractProfile.WebApi.Tools", "Frameworks\SubcontractProfile.WebApi\SubcontractProfile.WebApi.Tools\SubcontractProfile.WebApi.Tools.csproj", "{D54DAC8E-340B-4A25-B423-88DCD93DED28}"
EndProject
Project("{2150E333-8FDC-42A3-9474-1A3956D46DE8}") = "Services", "Services", "{D4061381-E976-44C8-A3F7-CEF2A83232C7}"
EndProject
Project("{9A19103F-16F7-4668-BE54-9A1E7A4F7556}") = "SubcontractProfile.WebApi.Services", "Frameworks\SubcontractProfile.WebApi\SubcontractProfile.WebApi.Services\SubcontractProfile.WebApi.Services.csproj", "{E2A75FD1-C0C5-4B42-BA07-870E9006BB55}"
EndProject
Global
	GlobalSection(SolutionConfigurationPlatforms) = preSolution
		Debug|Any CPU = Debug|Any CPU
		Release|Any CPU = Release|Any CPU
	EndGlobalSection
	GlobalSection(ProjectConfigurationPlatforms) = postSolution
		{DD09371B-CD68-4582-BE43-8E53916F0C26}.Debug|Any CPU.ActiveCfg = Debug|Any CPU
		{DD09371B-CD68-4582-BE43-8E53916F0C26}.Debug|Any CPU.Build.0 = Debug|Any CPU
		{DD09371B-CD68-4582-BE43-8E53916F0C26}.Release|Any CPU.ActiveCfg = Release|Any CPU
		{DD09371B-CD68-4582-BE43-8E53916F0C26}.Release|Any CPU.Build.0 = Release|Any CPU
		{6F05611B-EA38-4CB8-B252-23C9E2C85D2D}.Debug|Any CPU.ActiveCfg = Debug|Any CPU
		{6F05611B-EA38-4CB8-B252-23C9E2C85D2D}.Debug|Any CPU.Build.0 = Debug|Any CPU
		{6F05611B-EA38-4CB8-B252-23C9E2C85D2D}.Release|Any CPU.ActiveCfg = Release|Any CPU
		{6F05611B-EA38-4CB8-B252-23C9E2C85D2D}.Release|Any CPU.Build.0 = Release|Any CPU
		{EE5C2F21-CCFB-4582-AF9E-494A86B0321F}.Debug|Any CPU.ActiveCfg = Debug|Any CPU
		{EE5C2F21-CCFB-4582-AF9E-494A86B0321F}.Debug|Any CPU.Build.0 = Debug|Any CPU
		{EE5C2F21-CCFB-4582-AF9E-494A86B0321F}.Release|Any CPU.ActiveCfg = Release|Any CPU
		{EE5C2F21-CCFB-4582-AF9E-494A86B0321F}.Release|Any CPU.Build.0 = Release|Any CPU
		{9C75B370-55F7-4F51-856F-8552930357B3}.Debug|Any CPU.ActiveCfg = Debug|Any CPU
		{9C75B370-55F7-4F51-856F-8552930357B3}.Debug|Any CPU.Build.0 = Debug|Any CPU
		{9C75B370-55F7-4F51-856F-8552930357B3}.Release|Any CPU.ActiveCfg = Release|Any CPU
		{9C75B370-55F7-4F51-856F-8552930357B3}.Release|Any CPU.Build.0 = Release|Any CPU
		{1B05F5BB-54C8-40D2-8E7A-CED9399C0D84}.Debug|Any CPU.ActiveCfg = Debug|Any CPU
		{1B05F5BB-54C8-40D2-8E7A-CED9399C0D84}.Debug|Any CPU.Build.0 = Debug|Any CPU
		{1B05F5BB-54C8-40D2-8E7A-CED9399C0D84}.Release|Any CPU.ActiveCfg = Release|Any CPU
		{1B05F5BB-54C8-40D2-8E7A-CED9399C0D84}.Release|Any CPU.Build.0 = Release|Any CPU
		{43439AA0-4707-49FA-97FA-AE93084DA37E}.Debug|Any CPU.ActiveCfg = Debug|Any CPU
		{43439AA0-4707-49FA-97FA-AE93084DA37E}.Debug|Any CPU.Build.0 = Debug|Any CPU
		{43439AA0-4707-49FA-97FA-AE93084DA37E}.Release|Any CPU.ActiveCfg = Release|Any CPU
		{43439AA0-4707-49FA-97FA-AE93084DA37E}.Release|Any CPU.Build.0 = Release|Any CPU
		{0E628C5A-1FBF-4609-8C53-21C9C65DACE5}.Debug|Any CPU.ActiveCfg = Debug|Any CPU
		{0E628C5A-1FBF-4609-8C53-21C9C65DACE5}.Debug|Any CPU.Build.0 = Debug|Any CPU
		{0E628C5A-1FBF-4609-8C53-21C9C65DACE5}.Release|Any CPU.ActiveCfg = Release|Any CPU
		{0E628C5A-1FBF-4609-8C53-21C9C65DACE5}.Release|Any CPU.Build.0 = Release|Any CPU
		{D54DAC8E-340B-4A25-B423-88DCD93DED28}.Debug|Any CPU.ActiveCfg = Debug|Any CPU
		{D54DAC8E-340B-4A25-B423-88DCD93DED28}.Debug|Any CPU.Build.0 = Debug|Any CPU
		{D54DAC8E-340B-4A25-B423-88DCD93DED28}.Release|Any CPU.ActiveCfg = Release|Any CPU
		{D54DAC8E-340B-4A25-B423-88DCD93DED28}.Release|Any CPU.Build.0 = Release|Any CPU
		{E2A75FD1-C0C5-4B42-BA07-870E9006BB55}.Debug|Any CPU.ActiveCfg = Debug|Any CPU
		{E2A75FD1-C0C5-4B42-BA07-870E9006BB55}.Debug|Any CPU.Build.0 = Debug|Any CPU
		{E2A75FD1-C0C5-4B42-BA07-870E9006BB55}.Release|Any CPU.ActiveCfg = Release|Any CPU
		{E2A75FD1-C0C5-4B42-BA07-870E9006BB55}.Release|Any CPU.Build.0 = Release|Any CPU
	EndGlobalSection
	GlobalSection(SolutionProperties) = preSolution
		HideSolutionNode = FALSE
	EndGlobalSection
	GlobalSection(NestedProjects) = preSolution
		{6D894F45-AE79-4471-973F-FEA7C2CF25C3} = {3D390677-DC36-4F8B-98BE-A37671DA9F35}
		{D4E02EAE-9B3A-45F1-8B09-D430D9B02177} = {3D390677-DC36-4F8B-98BE-A37671DA9F35}
		{DD09371B-CD68-4582-BE43-8E53916F0C26} = {6D894F45-AE79-4471-973F-FEA7C2CF25C3}
		{463FB080-6CE7-49D3-AB23-F80C2A45E0D0} = {3FEF74B5-E2E5-4CDB-ABBB-5EC4FE38FBC0}
		{6F05611B-EA38-4CB8-B252-23C9E2C85D2D} = {463FB080-6CE7-49D3-AB23-F80C2A45E0D0}
		{EE5C2F21-CCFB-4582-AF9E-494A86B0321F} = {463FB080-6CE7-49D3-AB23-F80C2A45E0D0}
		{9C75B370-55F7-4F51-856F-8552930357B3} = {463FB080-6CE7-49D3-AB23-F80C2A45E0D0}
		{2BF35FAE-4F5B-4512-A892-1BD9A40368BC} = {3FEF74B5-E2E5-4CDB-ABBB-5EC4FE38FBC0}
		{1B05F5BB-54C8-40D2-8E7A-CED9399C0D84} = {2BF35FAE-4F5B-4512-A892-1BD9A40368BC}
		{43439AA0-4707-49FA-97FA-AE93084DA37E} = {2BF35FAE-4F5B-4512-A892-1BD9A40368BC}
		{63E89C92-C2A4-4F08-A732-16992DC7EDA7} = {3FEF74B5-E2E5-4CDB-ABBB-5EC4FE38FBC0}
		{0E628C5A-1FBF-4609-8C53-21C9C65DACE5} = {63E89C92-C2A4-4F08-A732-16992DC7EDA7}
		{D54DAC8E-340B-4A25-B423-88DCD93DED28} = {63E89C92-C2A4-4F08-A732-16992DC7EDA7}
		{D4061381-E976-44C8-A3F7-CEF2A83232C7} = {3FEF74B5-E2E5-4CDB-ABBB-5EC4FE38FBC0}
		{E2A75FD1-C0C5-4B42-BA07-870E9006BB55} = {D4061381-E976-44C8-A3F7-CEF2A83232C7}
	EndGlobalSection
	GlobalSection(ExtensibilityGlobals) = postSolution
		SolutionGuid = {AAE0F65E-4D95-40BC-8145-94D4256281CD}
	EndGlobalSection
EndGlobal
